
Microsoft Visual Studio Solution File, Format Version 12.00
# Visual Studio Version 17
VisualStudioVersion = 17.2.32602.215
MinimumVisualStudioVersion = 10.0.40219.1
Project("{FAE04EC0-301F-11D3-BF4B-00C04F79EFBC}") = "NLayer.Core", "NLayer.Core\NLayer.Core.csproj", "{928003CF-608A-4FEB-810F-AFF59EA3872C}"
EndProject
Project("{FAE04EC0-301F-11D3-BF4B-00C04F79EFBC}") = "NLayer.Repository", "NLayer.Repository\NLayer.Repository.csproj", "{7191143A-274B-42AF-86E0-04F98166C08C}"
EndProject
Project("{FAE04EC0-301F-11D3-BF4B-00C04F79EFBC}") = "NLayer.Service", "NLayer.Service\NLayer.Service.csproj", "{324813F2-4E3A-4787-BB92-F21A8D84A8CD}"
EndProject
Project("{FAE04EC0-301F-11D3-BF4B-00C04F79EFBC}") = "NLayer.API", "NLayer.API\NLayer.API.csproj", "{5EA029B8-3CC8-44A1-BD22-CE7440D86AB8}"
EndProject
Project("{FAE04EC0-301F-11D3-BF4B-00C04F79EFBC}") = "NLayer.Web", "NLayer.Web\NLayer.Web.csproj", "{B5F22B16-7349-48A9-AEF4-E7390EAB8118}"
EndProject
Project("{FAE04EC0-301F-11D3-BF4B-00C04F79EFBC}") = "NLayer.Caching", "NLayer.Caching\NLayer.Caching.csproj", "{147E1427-F82D-4B4B-BFA0-27767AD3B18C}"
EndProject
Global
	GlobalSection(SolutionConfigurationPlatforms) = preSolution
		Debug|Any CPU = Debug|Any CPU
		Release|Any CPU = Release|Any CPU
	EndGlobalSection
	GlobalSection(ProjectConfigurationPlatforms) = postSolution
		{928003CF-608A-4FEB-810F-AFF59EA3872C}.Debug|Any CPU.ActiveCfg = Debug|Any CPU
		{928003CF-608A-4FEB-810F-AFF59EA3872C}.Debug|Any CPU.Build.0 = Debug|Any CPU
		{928003CF-608A-4FEB-810F-AFF59EA3872C}.Release|Any CPU.ActiveCfg = Release|Any CPU
		{928003CF-608A-4FEB-810F-AFF59EA3872C}.Release|Any CPU.Build.0 = Release|Any CPU
		{7191143A-274B-42AF-86E0-04F98166C08C}.Debug|Any CPU.ActiveCfg = Debug|Any CPU
		{7191143A-274B-42AF-86E0-04F98166C08C}.Debug|Any CPU.Build.0 = Debug|Any CPU
		{7191143A-274B-42AF-86E0-04F98166C08C}.Release|Any CPU.ActiveCfg = Release|Any CPU
		{7191143A-274B-42AF-86E0-04F98166C08C}.Release|Any CPU.Build.0 = Release|Any CPU
		{324813F2-4E3A-4787-BB92-F21A8D84A8CD}.Debug|Any CPU.ActiveCfg = Debug|Any CPU
		{324813F2-4E3A-4787-BB92-F21A8D84A8CD}.Debug|Any CPU.Build.0 = Debug|Any CPU
		{324813F2-4E3A-4787-BB92-F21A8D84A8CD}.Release|Any CPU.ActiveCfg = Release|Any CPU
		{324813F2-4E3A-4787-BB92-F21A8D84A8CD}.Release|Any CPU.Build.0 = Release|Any CPU
		{5EA029B8-3CC8-44A1-BD22-CE7440D86AB8}.Debug|Any CPU.ActiveCfg = Debug|Any CPU
		{5EA029B8-3CC8-44A1-BD22-CE7440D86AB8}.Debug|Any CPU.Build.0 = Debug|Any CPU
		{5EA029B8-3CC8-44A1-BD22-CE7440D86AB8}.Release|Any CPU.ActiveCfg = Release|Any CPU
		{5EA029B8-3CC8-44A1-BD22-CE7440D86AB8}.Release|Any CPU.Build.0 = Release|Any CPU
		{B5F22B16-7349-48A9-AEF4-E7390EAB8118}.Debug|Any CPU.ActiveCfg = Debug|Any CPU
		{B5F22B16-7349-48A9-AEF4-E7390EAB8118}.Debug|Any CPU.Build.0 = Debug|Any CPU
		{B5F22B16-7349-48A9-AEF4-E7390EAB8118}.Release|Any CPU.ActiveCfg = Release|Any CPU
		{B5F22B16-7349-48A9-AEF4-E7390EAB8118}.Release|Any CPU.Build.0 = Release|Any CPU
		{147E1427-F82D-4B4B-BFA0-27767AD3B18C}.Debug|Any CPU.ActiveCfg = Debug|Any CPU
		{147E1427-F82D-4B4B-BFA0-27767AD3B18C}.Debug|Any CPU.Build.0 = Debug|Any CPU
		{147E1427-F82D-4B4B-BFA0-27767AD3B18C}.Release|Any CPU.ActiveCfg = Release|Any CPU
		{147E1427-F82D-4B4B-BFA0-27767AD3B18C}.Release|Any CPU.Build.0 = Release|Any CPU
	EndGlobalSection
	GlobalSection(SolutionProperties) = preSolution
		HideSolutionNode = FALSE
	EndGlobalSection
	GlobalSection(ExtensibilityGlobals) = postSolution
		SolutionGuid = {298A5591-4A21-45C3-A4AB-A1791CD13A46}
	EndGlobalSection
EndGlobal
